
Microsoft Visual Studio Solution File, Format Version 12.00
# Visual Studio Version 17
VisualStudioVersion = 17.7.34221.43
MinimumVisualStudioVersion = 10.0.40219.1
Project("{FAE04EC0-301F-11D3-BF4B-00C04F79EFBC}") = "TSG_Library", "TSG_Library.csproj", "{1EFBE2F3-41C1-41BF-84C8-3660330985B7}"
EndProject
Global
	GlobalSection(SolutionConfigurationPlatforms) = preSolution
		Debug|Any CPU = Debug|Any CPU
		Release|Any CPU = Release|Any CPU
	EndGlobalSection
	GlobalSection(ProjectConfigurationPlatforms) = postSolution
		{1EFBE2F3-41C1-41BF-84C8-3660330985B7}.Debug|Any CPU.ActiveCfg = Debug|Any CPU
		{1EFBE2F3-41C1-41BF-84C8-3660330985B7}.Debug|Any CPU.Build.0 = Debug|Any CPU
		{1EFBE2F3-41C1-41BF-84C8-3660330985B7}.Release|Any CPU.ActiveCfg = Release|Any CPU
		{1EFBE2F3-41C1-41BF-84C8-3660330985B7}.Release|Any CPU.Build.0 = Release|Any CPU
	EndGlobalSection
	GlobalSection(SolutionProperties) = preSolution
		HideSolutionNode = FALSE
	EndGlobalSection
	GlobalSection(ExtensibilityGlobals) = postSolution
		SolutionGuid = {D2BEF238-9FE1-4D4A-929A-467BBE187F10}
	EndGlobalSection
EndGlobal
